# THIS IS AN AUTOGENERATED FILE. DO NOT EDIT THIS FILE DIRECTLY.
# yarn lockfile v1


jquery-scrollify@^1.0.20:
  version "1.0.20"
  resolved "https://registry.yarnpkg.com/jquery-scrollify/-/jquery-scrollify-1.0.20.tgz#17464f25924a6ec72277e3e21b9cd1867a5d1a18"
  integrity sha512-IQL48SOf42ndbH0MV9e4IsobizRQ+7R8iPp7uIbc7faK7kKb8DtFMEscm1mLBmVB+fxLnHaqsOYahuMgiMN5Xg==
  dependencies:
    jquery ">=1.7"

jquery@>=1.7:
  version "3.4.1"
  resolved "https://registry.yarnpkg.com/jquery/-/jquery-3.4.1.tgz#714f1f8d9dde4bdfa55764ba37ef214630d80ef2"
  integrity sha512-36+AdBzCL+y6qjw5Tx7HgzeGCzC81MDDgaUP8ld2zhx58HdqXGoBd+tHdrBMiyjGQs0Hxs/MLZTu/eHNJJuWPw==
